// !$*UTF8*$!
{
	archiveVersion = 1;
	classes = {
	};
	objectVersion = 46;
	objects = {

/* Begin PBXBuildFile section */
		C1CE582D1D328DB0005E381C /* main.swift in Sources */ = {isa = PBXBuildFile; fileRef = C1CE582C1D328DB0005E381C /* main.swift */; };
/* End PBXBuildFile section */

/* Begin PBXFileReference section */
		C158FF0E1D3C186C00CFC438 /* README.md */ = {isa = PBXFileReference; lastKnownFileType = net.daringfireball.markdown; path = README.md; sourceTree = "<group>"; };
		C15FF3291D32D4FC00704FAA /* Info.plist */ = {isa = PBXFileReference; fileEncoding = 4; lastKnownFileType = text.plist.xml; path = Info.plist; sourceTree = "<group>"; };
		C1CE58291D328DB0005E381C /* stringsFinagler */ = {isa = PBXFileReference; explicitFileType = "compiled.mach-o.executable"; includeInIndex = 0; path = stringsFinagler; sourceTree = BUILT_PRODUCTS_DIR; };
		C1CE582C1D328DB0005E381C /* main.swift */ = {isa = PBXFileReference; lastKnownFileType = sourcecode.swift; path = main.swift; sourceTree = "<group>"; };
/* End PBXFileReference section */

/* Begin PBXFrameworksBuildPhase section */
		C1CE58261D328DB0005E381C /* Frameworks */ = {
			isa = PBXFrameworksBuildPhase;
			buildActionMask = 2147483647;
			files = (
			);
			runOnlyForDeploymentPostprocessing = 0;
		};
/* End PBXFrameworksBuildPhase section */

/* Begin PBXGroup section */
		C1CE58201D328DB0005E381C = {
			isa = PBXGroup;
			children = (
				C158FF0E1D3C186C00CFC438 /* README.md */,
				C1CE582B1D328DB0005E381C /* stringsFinagler */,
				C1CE582A1D328DB0005E381C /* Products */,
			);
			sourceTree = "<group>";
		};
		C1CE582A1D328DB0005E381C /* Products */ = {
			isa = PBXGroup;
			children = (
				C1CE58291D328DB0005E381C /* stringsFinagler */,
			);
			name = Products;
			sourceTree = "<group>";
		};
		C1CE582B1D328DB0005E381C /* stringsFinagler */ = {
			isa = PBXGroup;
			children = (
				C1CE582C1D328DB0005E381C /* main.swift */,
				C15FF3291D32D4FC00704FAA /* Info.plist */,
			);
			path = stringsFinagler;
			sourceTree = "<group>";
		};
/* End PBXGroup section */

/* Begin PBXNativeTarget section */
		C1CE58281D328DB0005E381C /* stringsFinagler */ = {
			isa = PBXNativeTarget;
			buildConfigurationList = C1CE58301D328DB0005E381C /* Build configuration list for PBXNativeTarget "stringsFinagler" */;
			buildPhases = (
				C1CE58251D328DB0005E381C /* Sources */,
				C1CE58261D328DB0005E381C /* Frameworks */,
			);
			buildRules = (
			);
			dependencies = (
			);
			name = stringsFinagler;
			productName = stringsFinagler;
			productReference = C1CE58291D328DB0005E381C /* stringsFinagler */;
			productType = "com.apple.product-type.tool";
		};
/* End PBXNativeTarget section */

/* Begin PBXProject section */
		C1CE58211D328DB0005E381C /* Project object */ = {
			isa = PBXProject;
			attributes = {
				LastSwiftUpdateCheck = 0800;
				LastUpgradeCheck = 0800;
				ORGANIZATIONNAME = "Mark Douma";
				TargetAttributes = {
					C1CE58281D328DB0005E381C = {
						CreatedOnToolsVersion = 8.0;
						DevelopmentTeam = YP47SDZM4G;
						DevelopmentTeamName = "Mark Douma";
						ProvisioningStyle = Manual;
					};
				};
			};
			buildConfigurationList = C1CE58241D328DB0005E381C /* Build configuration list for PBXProject "stringsFinagler" */;
			compatibilityVersion = "Xcode 3.2";
			developmentRegion = English;
			hasScannedForEncodings = 0;
			knownRegions = (
				en,
			);
			mainGroup = C1CE58201D328DB0005E381C;
			productRefGroup = C1CE582A1D328DB0005E381C /* Products */;
			projectDirPath = "";
			projectRoot = "";
			targets = (
				C1CE58281D328DB0005E381C /* stringsFinagler */,
			);
		};
/* End PBXProject section */

/* Begin PBXSourcesBuildPhase section */
		C1CE58251D328DB0005E381C /* Sources */ = {
			isa = PBXSourcesBuildPhase;
			buildActionMask = 2147483647;
			files = (
				C1CE582D1D328DB0005E381C /* main.swift in Sources */,
			);
			runOnlyForDeploymentPostprocessing = 0;
		};
/* End PBXSourcesBuildPhase section */

/* Begin XCBuildConfiguration section */
		C1CE582E1D328DB0005E381C /* Debug */ = {
			isa = XCBuildConfiguration;
			buildSettings = {
				ALWAYS_SEARCH_USER_PATHS = NO;
				CLANG_ANALYZER_NONNULL = YES;
				CLANG_CXX_LANGUAGE_STANDARD = "gnu++0x";
				CLANG_CXX_LIBRARY = "libc++";
				CLANG_ENABLE_MODULES = YES;
				CLANG_ENABLE_OBJC_ARC = YES;
				CLANG_WARN_BOOL_CONVERSION = YES;
				CLANG_WARN_CONSTANT_CONVERSION = YES;
				CLANG_WARN_DIRECT_OBJC_ISA_USAGE = YES_ERROR;
				CLANG_WARN_DOCUMENTATION_COMMENTS = YES;
				CLANG_WARN_EMPTY_BODY = YES;
				CLANG_WARN_ENUM_CONVERSION = YES;
				CLANG_WARN_INT_CONVERSION = YES;
				CLANG_WARN_OBJC_ROOT_CLASS = YES_ERROR;
				CLANG_WARN_UNREACHABLE_CODE = YES;
				CLANG_WARN__DUPLICATE_METHOD_MATCH = YES;
				COPY_PHASE_STRIP = NO;
				DEBUG_INFORMATION_FORMAT = dwarf;
				ENABLE_STRICT_OBJC_MSGSEND = YES;
				ENABLE_TESTABILITY = YES;
				GCC_C_LANGUAGE_STANDARD = gnu99;
				GCC_DYNAMIC_NO_PIC = NO;
				GCC_NO_COMMON_BLOCKS = YES;
				GCC_OPTIMIZATION_LEVEL = 0;
				GCC_PREPROCESSOR_DEFINITIONS = (
					"DEBUG=1",
					"$(inherited)",
				);
				GCC_WARN_64_TO_32_BIT_CONVERSION = YES;
				GCC_WARN_ABOUT_RETURN_TYPE = YES_ERROR;
				GCC_WARN_UNDECLARED_SELECTOR = YES;
				GCC_WARN_UNINITIALIZED_AUTOS = YES_AGGRESSIVE;
				GCC_WARN_UNUSED_FUNCTION = YES;
				GCC_WARN_UNUSED_VARIABLE = YES;
				MACOSX_DEPLOYMENT_TARGET = 10.10;
				MTL_ENABLE_DEBUG_INFO = YES;
				ONLY_ACTIVE_ARCH = YES;
				SDKROOT = macosx;
				STRIP_INSTALLED_PRODUCT = NO;
				SWIFT_OPTIMIZATION_LEVEL = "-Onone";
			};
			name = Debug;
		};
		C1CE582F1D328DB0005E381C /* Release */ = {
			isa = XCBuildConfiguration;
			buildSettings = {
				ALWAYS_SEARCH_USER_PATHS = NO;
				CLANG_ANALYZER_NONNULL = YES;
				CLANG_CXX_LANGUAGE_STANDARD = "gnu++0x";
				CLANG_CXX_LIBRARY = "libc++";
				CLANG_ENABLE_MODULES = YES;
				CLANG_ENABLE_OBJC_ARC = YES;
				CLANG_WARN_BOOL_CONVERSION = YES;
				CLANG_WARN_CONSTANT_CONVERSION = YES;
				CLANG_WARN_DIRECT_OBJC_ISA_USAGE = YES_ERROR;
				CLANG_WARN_DOCUMENTATION_COMMENTS = YES;
				CLANG_WARN_EMPTY_BODY = YES;
				CLANG_WARN_ENUM_CONVERSION = YES;
				CLANG_WARN_INT_CONVERSION = YES;
				CLANG_WARN_OBJC_ROOT_CLASS = YES_ERROR;
				CLANG_WARN_UNREACHABLE_CODE = YES;
				CLANG_WARN__DUPLICATE_METHOD_MATCH = YES;
				COPY_PHASE_STRIP = NO;
				DEBUG_INFORMATION_FORMAT = "dwarf-with-dsym";
				DEPLOYMENT_POSTPROCESSING = YES;
				ENABLE_NS_ASSERTIONS = NO;
				ENABLE_STRICT_OBJC_MSGSEND = YES;
				GCC_C_LANGUAGE_STANDARD = gnu99;
				GCC_NO_COMMON_BLOCKS = YES;
				GCC_WARN_64_TO_32_BIT_CONVERSION = YES;
				GCC_WARN_ABOUT_RETURN_TYPE = YES_ERROR;
				GCC_WARN_UNDECLARED_SELECTOR = YES;
				GCC_WARN_UNINITIALIZED_AUTOS = YES_AGGRESSIVE;
				GCC_WARN_UNUSED_FUNCTION = YES;
				GCC_WARN_UNUSED_VARIABLE = YES;
				MACOSX_DEPLOYMENT_TARGET = 10.10;
				MTL_ENABLE_DEBUG_INFO = NO;
				SDKROOT = macosx;
			};
			name = Release;
		};
		C1CE58311D328DB0005E381C /* Debug */ = {
			isa = XCBuildConfiguration;
			buildSettings = {
				CREATE_INFOPLIST_SECTION_IN_BINARY = YES;
				CURRENT_PROJECT_VERSION = 102;
				INFOPLIST_FILE = stringsFinagler/Info.plist;
				INFOPLIST_PREPROCESS = YES;
				PRODUCT_BUNDLE_IDENTIFIER = com.markdouma.stringsFinagler;
				PRODUCT_NAME = "$(TARGET_NAME)";
				VERSIONING_SYSTEM = "apple-generic";
			};
			name = Debug;
		};
		C1CE58321D328DB0005E381C /* Release */ = {
			isa = XCBuildConfiguration;
			buildSettings = {
				CREATE_INFOPLIST_SECTION_IN_BINARY = YES;
				CURRENT_PROJECT_VERSION = 102;
				INFOPLIST_FILE = stringsFinagler/Info.plist;
				INFOPLIST_PREPROCESS = YES;
				PRODUCT_BUNDLE_IDENTIFIER = com.markdouma.stringsFinagler;
				PRODUCT_NAME = "$(TARGET_NAME)";
				VERSIONING_SYSTEM = "apple-generic";
			};
			name = Release;
		};
/* End XCBuildConfiguration section */

/* Begin XCConfigurationList section */
		C1CE58241D328DB0005E381C /* Build configuration list for PBXProject "stringsFinagler" */ = {
			isa = XCConfigurationList;
			buildConfigurations = (
				C1CE582E1D328DB0005E381C /* Debug */,
				C1CE582F1D328DB0005E381C /* Release */,
			);
			defaultConfigurationIsVisible = 0;
			defaultConfigurationName = Release;
		};
		C1CE58301D328DB0005E381C /* Build configuration list for PBXNativeTarget "stringsFinagler" */ = {
			isa = XCConfigurationList;
			buildConfigurations = (
				C1CE58311D328DB0005E381C /* Debug */,
				C1CE58321D328DB0005E381C /* Release */,
			);
			defaultConfigurationIsVisible = 0;
			defaultConfigurationName = Release;
		};
/* End XCConfigurationList section */
	};
	rootObject = C1CE58211D328DB0005E381C /* Project object */;
}
