<?xml version="1.0" encoding="UTF-8"?>
<Scheme
   LastUpgradeVersion = "1010"
   version = "1.3">
   <BuildAction
      parallelizeBuildables = "YES"
      buildImplicitDependencies = "YES">
      <BuildActionEntries>
         <BuildActionEntry
            buildForTesting = "YES"
            buildForRunning = "YES"
            buildForProfiling = "YES"
            buildForArchiving = "YES"
            buildForAnalyzing = "YES">
            <BuildableReference
               BuildableIdentifier = "primary"
               BlueprintIdentifier = "C1CE58281D328DB0005E381C"
               BuildableName = "stringsFinagler"
               BlueprintName = "stringsFinagler"
               ReferencedContainer = "container:stringsFinagler.xcodeproj">
            </BuildableReference>
         </BuildActionEntry>
      </BuildActionEntries>
   </BuildAction>
   <TestAction
      buildConfiguration = "Debug"
      selectedDebuggerIdentifier = "Xcode.DebuggerFoundation.Debugger.LLDB"
      selectedLauncherIdentifier = "Xcode.DebuggerFoundation.Launcher.LLDB"
      shouldUseLaunchSchemeArgsEnv = "YES">
      <Testables>
      </Testables>
      <MacroExpansion>
         <BuildableReference
            BuildableIdentifier = "primary"
            BlueprintIdentifier = "C1CE58281D328DB0005E381C"
            BuildableName = "stringsFinagler"
            BlueprintName = "stringsFinagler"
            ReferencedContainer = "container:stringsFinagler.xcodeproj">
         </BuildableReference>
      </MacroExpansion>
      <AdditionalOptions>
      </AdditionalOptions>
   </TestAction>
   <LaunchAction
      buildConfiguration = "Debug"
      selectedDebuggerIdentifier = "Xcode.DebuggerFoundation.Debugger.LLDB"
      selectedLauncherIdentifier = "Xcode.DebuggerFoundation.Launcher.LLDB"
      launchStyle = "0"
      useCustomWorkingDirectory = "NO"
      ignoresPersistentStateOnLaunch = "NO"
      debugDocumentVersioning = "YES"
      debugServiceExtension = "internal"
      allowLocationSimulation = "YES">
      <BuildableProductRunnable
         runnableDebuggingMode = "0">
         <BuildableReference
            BuildableIdentifier = "primary"
            BlueprintIdentifier = "C1CE58281D328DB0005E381C"
            BuildableName = "stringsFinagler"
            BlueprintName = "stringsFinagler"
            ReferencedContainer = "container:stringsFinagler.xcodeproj">
         </BuildableReference>
      </BuildableProductRunnable>
      <CommandLineArguments>
         <CommandLineArgument
            argument = "-R"
            isEnabled = "NO">
         </CommandLineArgument>
         <CommandLineArgument
            argument = "&quot;/Users/mdouma46/Developer/Font Finagler (REWRITE) 2.0 (xc9)/FontFinagler&quot;"
            isEnabled = "NO">
         </CommandLineArgument>
         <CommandLineArgument
            argument = "&quot;/Users/mdouma46/Developer/Font Finagler (REWRITE) 1.5 (xc9) TWEAK/FontFinagler/_MDAdobeFontCacheFileController.m&quot;"
            isEnabled = "YES">
         </CommandLineArgument>
         <CommandLineArgument
            argument = "&quot;/Users/mdouma46/Developer/Font Finagler (REWRITE) 1.5 (xc9) TWEAK/FontFinagler/_MDCleansRemainingManager.m&quot;"
            isEnabled = "YES">
         </CommandLineArgument>
         <CommandLineArgument
            argument = "&quot;/Users/mdouma46/Developer/Font Finagler (REWRITE) 1.5 (xc9) TWEAK/FontFinagler/_MDFontCacheFileController.m&quot;"
            isEnabled = "YES">
         </CommandLineArgument>
         <CommandLineArgument
            argument = "&quot;/Users/mdouma46/Developer/Font Finagler (REWRITE) 1.5 (xc9) TWEAK/FontFinagler/_MDMicrosoftFontCacheFileController.m&quot;"
            isEnabled = "YES">
         </CommandLineArgument>
      </CommandLineArguments>
      <AdditionalOptions>
      </AdditionalOptions>
   </LaunchAction>
   <ProfileAction
      buildConfiguration = "Release"
      shouldUseLaunchSchemeArgsEnv = "YES"
      savedToolIdentifier = ""
      useCustomWorkingDirectory = "NO"
      debugDocumentVersioning = "YES">
      <BuildableProductRunnable
         runnableDebuggingMode = "0">
         <BuildableReference
            BuildableIdentifier = "primary"
            BlueprintIdentifier = "C1CE58281D328DB0005E381C"
            BuildableName = "stringsFinagler"
            BlueprintName = "stringsFinagler"
            ReferencedContainer = "container:stringsFinagler.xcodeproj">
         </BuildableReference>
      </BuildableProductRunnable>
   </ProfileAction>
   <AnalyzeAction
      buildConfiguration = "Debug">
   </AnalyzeAction>
   <ArchiveAction
      buildConfiguration = "Release"
      revealArchiveInOrganizer = "YES">
   </ArchiveAction>
</Scheme>
